// !$*UTF8*$!
{
	archiveVersion = 1;
	classes = {
	};
	objectVersion = 50;
	objects = {

/* Begin PBXBuildFile section */
		34130147220DD7D600CFABC4 /* AgeRangeCell.swift in Sources */ = {isa = PBXBuildFile; fileRef = 34130146220DD7D600CFABC4 /* AgeRangeCell.swift */; };
		34130149220DF51E00CFABC4 /* Firebase+Utils.swift in Sources */ = {isa = PBXBuildFile; fileRef = 34130148220DF51E00CFABC4 /* Firebase+Utils.swift */; };
		341301552215CA4A00CFABC4 /* LoginViewController.swift in Sources */ = {isa = PBXBuildFile; fileRef = 341301542215CA4A00CFABC4 /* LoginViewController.swift */; };
		341301572215CA5500CFABC4 /* LoginViewModel.swift in Sources */ = {isa = PBXBuildFile; fileRef = 341301562215CA5500CFABC4 /* LoginViewModel.swift */; };
		341301642219C8F400CFABC4 /* UserDetailsController.swift in Sources */ = {isa = PBXBuildFile; fileRef = 341301632219C8F400CFABC4 /* UserDetailsController.swift */; };
		343F934F21E7A6D0001FDF8A /* AppDelegate.swift in Sources */ = {isa = PBXBuildFile; fileRef = 343F934E21E7A6D0001FDF8A /* AppDelegate.swift */; };
		343F935121E7A6D0001FDF8A /* HomeController.swift in Sources */ = {isa = PBXBuildFile; fileRef = 343F935021E7A6D0001FDF8A /* HomeController.swift */; };
		343F935421E7A6D0001FDF8A /* Main.storyboard in Resources */ = {isa = PBXBuildFile; fileRef = 343F935221E7A6D0001FDF8A /* Main.storyboard */; };
		343F935621E7A6D2001FDF8A /* Assets.xcassets in Resources */ = {isa = PBXBuildFile; fileRef = 343F935521E7A6D2001FDF8A /* Assets.xcassets */; };
		343F935921E7A6D2001FDF8A /* LaunchScreen.storyboard in Resources */ = {isa = PBXBuildFile; fileRef = 343F935721E7A6D2001FDF8A /* LaunchScreen.storyboard */; };
		343F936221E7B13C001FDF8A /* HomeBottomControlsStackView.swift in Sources */ = {isa = PBXBuildFile; fileRef = 343F936121E7B13C001FDF8A /* HomeBottomControlsStackView.swift */; };
		343F936421E7B408001FDF8A /* Extensions.swift in Sources */ = {isa = PBXBuildFile; fileRef = 343F936321E7B408001FDF8A /* Extensions.swift */; };
		343F936621E7B4B5001FDF8A /* TopNavigationStackView.swift in Sources */ = {isa = PBXBuildFile; fileRef = 343F936521E7B4B5001FDF8A /* TopNavigationStackView.swift */; };
		343F936A21E7E079001FDF8A /* CardView.swift in Sources */ = {isa = PBXBuildFile; fileRef = 343F936921E7E079001FDF8A /* CardView.swift */; };
		3445A7752223024C00A68DD9 /* SwipingPhotosController.swift in Sources */ = {isa = PBXBuildFile; fileRef = 3445A7742223024C00A68DD9 /* SwipingPhotosController.swift */; };
		34529C3B223017B9008592C8 /* MatchView.swift in Sources */ = {isa = PBXBuildFile; fileRef = 34529C3A223017B9008592C8 /* MatchView.swift */; };
		34529C3D2230224A008592C8 /* SendMessageButton.swift in Sources */ = {isa = PBXBuildFile; fileRef = 34529C3C2230224A008592C8 /* SendMessageButton.swift */; };
		34529C3F223025AE008592C8 /* KeepSwipingButton.swift in Sources */ = {isa = PBXBuildFile; fileRef = 34529C3E223025AE008592C8 /* KeepSwipingButton.swift */; };
		34554D5521EF84CD0045442D /* User.swift in Sources */ = {isa = PBXBuildFile; fileRef = 34554D5421EF84CD0045442D /* User.swift */; };
		34554D5B21EF8CE40045442D /* CardViewModel.swift in Sources */ = {isa = PBXBuildFile; fileRef = 34554D5A21EF8CE40045442D /* CardViewModel.swift */; };
		349F50D721F3C723000B25D7 /* RegistrationViewController.swift in Sources */ = {isa = PBXBuildFile; fileRef = 349F50D621F3C723000B25D7 /* RegistrationViewController.swift */; };
		349F50D921F3CF92000B25D7 /* CustomTextField.swift in Sources */ = {isa = PBXBuildFile; fileRef = 349F50D821F3CF92000B25D7 /* CustomTextField.swift */; };
		349F50DB21F62AC0000B25D7 /* RegistrationViewModel.swift in Sources */ = {isa = PBXBuildFile; fileRef = 349F50DA21F62AC0000B25D7 /* RegistrationViewModel.swift */; };
		34B6F63C21F80CEF0047E9BD /* GoogleService-Info.plist in Resources */ = {isa = PBXBuildFile; fileRef = 34B6F63B21F80CEF0047E9BD /* GoogleService-Info.plist */; };
		34B6F63E21F8F11A0047E9BD /* Bindable.swift in Sources */ = {isa = PBXBuildFile; fileRef = 34B6F63D21F8F11A0047E9BD /* Bindable.swift */; };
		34B6F66C2201F73A0047E9BD /* SettingsController.swift in Sources */ = {isa = PBXBuildFile; fileRef = 34B6F66B2201F73A0047E9BD /* SettingsController.swift */; };
		34B6F66E220209D90047E9BD /* SettingsCell.swift in Sources */ = {isa = PBXBuildFile; fileRef = 34B6F66D220209D90047E9BD /* SettingsCell.swift */; };
		34EA521121F0C8D2002CADC8 /* Advertiser.swift in Sources */ = {isa = PBXBuildFile; fileRef = 34EA521021F0C8D2002CADC8 /* Advertiser.swift */; };
		60C1D1F898E5BE233870A69A /* Pods_Kinder.framework in Frameworks */ = {isa = PBXBuildFile; fileRef = AA23EB1C3E38C2F18E42290D /* Pods_Kinder.framework */; };
/* End PBXBuildFile section */

/* Begin PBXFileReference section */
		178E1C0CEF63F916A1EF5B36 /* Pods-Kinder.release.xcconfig */ = {isa = PBXFileReference; includeInIndex = 1; lastKnownFileType = text.xcconfig; name = "Pods-Kinder.release.xcconfig"; path = "Pods/Target Support Files/Pods-Kinder/Pods-Kinder.release.xcconfig"; sourceTree = "<group>"; };
		34130146220DD7D600CFABC4 /* AgeRangeCell.swift */ = {isa = PBXFileReference; lastKnownFileType = sourcecode.swift; path = AgeRangeCell.swift; sourceTree = "<group>"; };
		34130148220DF51E00CFABC4 /* Firebase+Utils.swift */ = {isa = PBXFileReference; lastKnownFileType = sourcecode.swift; path = "Firebase+Utils.swift"; sourceTree = "<group>"; };
		341301542215CA4A00CFABC4 /* LoginViewController.swift */ = {isa = PBXFileReference; lastKnownFileType = sourcecode.swift; path = LoginViewController.swift; sourceTree = "<group>"; };
		341301562215CA5500CFABC4 /* LoginViewModel.swift */ = {isa = PBXFileReference; lastKnownFileType = sourcecode.swift; path = LoginViewModel.swift; sourceTree = "<group>"; };
		341301632219C8F400CFABC4 /* UserDetailsController.swift */ = {isa = PBXFileReference; lastKnownFileType = sourcecode.swift; path = UserDetailsController.swift; sourceTree = "<group>"; };
		343F934B21E7A6D0001FDF8A /* Kinder.app */ = {isa = PBXFileReference; explicitFileType = wrapper.application; includeInIndex = 0; path = Kinder.app; sourceTree = BUILT_PRODUCTS_DIR; };
		343F934E21E7A6D0001FDF8A /* AppDelegate.swift */ = {isa = PBXFileReference; lastKnownFileType = sourcecode.swift; path = AppDelegate.swift; sourceTree = "<group>"; };
		343F935021E7A6D0001FDF8A /* HomeController.swift */ = {isa = PBXFileReference; lastKnownFileType = sourcecode.swift; path = HomeController.swift; sourceTree = "<group>"; };
		343F935321E7A6D0001FDF8A /* Base */ = {isa = PBXFileReference; lastKnownFileType = file.storyboard; name = Base; path = Base.lproj/Main.storyboard; sourceTree = "<group>"; };
		343F935521E7A6D2001FDF8A /* Assets.xcassets */ = {isa = PBXFileReference; lastKnownFileType = folder.assetcatalog; path = Assets.xcassets; sourceTree = "<group>"; };
		343F935821E7A6D2001FDF8A /* Base */ = {isa = PBXFileReference; lastKnownFileType = file.storyboard; name = Base; path = Base.lproj/LaunchScreen.storyboard; sourceTree = "<group>"; };
		343F935A21E7A6D2001FDF8A /* Info.plist */ = {isa = PBXFileReference; lastKnownFileType = text.plist.xml; path = Info.plist; sourceTree = "<group>"; };
		343F936121E7B13C001FDF8A /* HomeBottomControlsStackView.swift */ = {isa = PBXFileReference; lastKnownFileType = sourcecode.swift; path = HomeBottomControlsStackView.swift; sourceTree = "<group>"; };
		343F936321E7B408001FDF8A /* Extensions.swift */ = {isa = PBXFileReference; fileEncoding = 4; lastKnownFileType = sourcecode.swift; path = Extensions.swift; sourceTree = "<group>"; };
		343F936521E7B4B5001FDF8A /* TopNavigationStackView.swift */ = {isa = PBXFileReference; lastKnownFileType = sourcecode.swift; path = TopNavigationStackView.swift; sourceTree = "<group>"; };
		343F936921E7E079001FDF8A /* CardView.swift */ = {isa = PBXFileReference; lastKnownFileType = sourcecode.swift; path = CardView.swift; sourceTree = "<group>"; };
		3445A7742223024C00A68DD9 /* SwipingPhotosController.swift */ = {isa = PBXFileReference; lastKnownFileType = sourcecode.swift; path = SwipingPhotosController.swift; sourceTree = "<group>"; };
		34529C3A223017B9008592C8 /* MatchView.swift */ = {isa = PBXFileReference; lastKnownFileType = sourcecode.swift; path = MatchView.swift; sourceTree = "<group>"; };
		34529C3C2230224A008592C8 /* SendMessageButton.swift */ = {isa = PBXFileReference; lastKnownFileType = sourcecode.swift; path = SendMessageButton.swift; sourceTree = "<group>"; };
		34529C3E223025AE008592C8 /* KeepSwipingButton.swift */ = {isa = PBXFileReference; lastKnownFileType = sourcecode.swift; path = KeepSwipingButton.swift; sourceTree = "<group>"; };
		34554D5421EF84CD0045442D /* User.swift */ = {isa = PBXFileReference; lastKnownFileType = sourcecode.swift; path = User.swift; sourceTree = "<group>"; };
		34554D5A21EF8CE40045442D /* CardViewModel.swift */ = {isa = PBXFileReference; lastKnownFileType = sourcecode.swift; path = CardViewModel.swift; sourceTree = "<group>"; };
		349F50D621F3C723000B25D7 /* RegistrationViewController.swift */ = {isa = PBXFileReference; lastKnownFileType = sourcecode.swift; path = RegistrationViewController.swift; sourceTree = "<group>"; };
		349F50D821F3CF92000B25D7 /* CustomTextField.swift */ = {isa = PBXFileReference; lastKnownFileType = sourcecode.swift; path = CustomTextField.swift; sourceTree = "<group>"; };
		349F50DA21F62AC0000B25D7 /* RegistrationViewModel.swift */ = {isa = PBXFileReference; lastKnownFileType = sourcecode.swift; path = RegistrationViewModel.swift; sourceTree = "<group>"; };
		34B6F63B21F80CEF0047E9BD /* GoogleService-Info.plist */ = {isa = PBXFileReference; fileEncoding = 4; lastKnownFileType = text.plist.xml; path = "GoogleService-Info.plist"; sourceTree = "<group>"; };
		34B6F63D21F8F11A0047E9BD /* Bindable.swift */ = {isa = PBXFileReference; lastKnownFileType = sourcecode.swift; path = Bindable.swift; sourceTree = "<group>"; };
		34B6F66B2201F73A0047E9BD /* SettingsController.swift */ = {isa = PBXFileReference; lastKnownFileType = sourcecode.swift; path = SettingsController.swift; sourceTree = "<group>"; };
		34B6F66D220209D90047E9BD /* SettingsCell.swift */ = {isa = PBXFileReference; lastKnownFileType = sourcecode.swift; name = SettingsCell.swift; path = Kinder/SettingsCell.swift; sourceTree = SOURCE_ROOT; };
		34EA521021F0C8D2002CADC8 /* Advertiser.swift */ = {isa = PBXFileReference; lastKnownFileType = sourcecode.swift; path = Advertiser.swift; sourceTree = "<group>"; };
		8BF00ACD5024FAA23138953A /* Pods-Kinder.debug.xcconfig */ = {isa = PBXFileReference; includeInIndex = 1; lastKnownFileType = text.xcconfig; name = "Pods-Kinder.debug.xcconfig"; path = "Pods/Target Support Files/Pods-Kinder/Pods-Kinder.debug.xcconfig"; sourceTree = "<group>"; };
		AA23EB1C3E38C2F18E42290D /* Pods_Kinder.framework */ = {isa = PBXFileReference; explicitFileType = wrapper.framework; includeInIndex = 0; path = Pods_Kinder.framework; sourceTree = BUILT_PRODUCTS_DIR; };
/* End PBXFileReference section */

/* Begin PBXFrameworksBuildPhase section */
		343F934821E7A6D0001FDF8A /* Frameworks */ = {
			isa = PBXFrameworksBuildPhase;
			buildActionMask = 2147483647;
			files = (
				60C1D1F898E5BE233870A69A /* Pods_Kinder.framework in Frameworks */,
			);
			runOnlyForDeploymentPostprocessing = 0;
		};
/* End PBXFrameworksBuildPhase section */

/* Begin PBXGroup section */
		341301532215CA0300CFABC4 /* Login */ = {
			isa = PBXGroup;
			children = (
				341301542215CA4A00CFABC4 /* LoginViewController.swift */,
				341301562215CA5500CFABC4 /* LoginViewModel.swift */,
			);
			path = Login;
			sourceTree = "<group>";
		};
		341301652219C8F900CFABC4 /* User Details */ = {
			isa = PBXGroup;
			children = (
				341301632219C8F400CFABC4 /* UserDetailsController.swift */,
				3445A7742223024C00A68DD9 /* SwipingPhotosController.swift */,
			);
			path = "User Details";
			sourceTree = "<group>";
		};
		3413016D221DA7B400CFABC4 /* Registration */ = {
			isa = PBXGroup;
			children = (
				349F50D621F3C723000B25D7 /* RegistrationViewController.swift */,
				349F50DA21F62AC0000B25D7 /* RegistrationViewModel.swift */,
			);
			path = Registration;
			sourceTree = "<group>";
		};
		343F934221E7A6D0001FDF8A = {
			isa = PBXGroup;
			children = (
				343F934D21E7A6D0001FDF8A /* Kinder */,
				3B25C197B99D75BC13CB1D20 /* Frameworks */,
				C6D12F330326104CC34EFF7B /* Pods */,
				343F934C21E7A6D0001FDF8A /* Products */,
			);
			sourceTree = "<group>";
		};
		343F934C21E7A6D0001FDF8A /* Products */ = {
			isa = PBXGroup;
			children = (
				343F934B21E7A6D0001FDF8A /* Kinder.app */,
			);
			name = Products;
			sourceTree = "<group>";
		};
		343F934D21E7A6D0001FDF8A /* Kinder */ = {
			isa = PBXGroup;
			children = (
				34554D5621EF84D50045442D /* Model */,
				34554D5921EF8CD50045442D /* ViewModels */,
				343F936021E7B116001FDF8A /* Views */,
				34554D5721EF8BBB0045442D /* Controllers */,
				34554D5821EF8BCA0045442D /* Extensions */,
				343F934E21E7A6D0001FDF8A /* AppDelegate.swift */,
				343F935221E7A6D0001FDF8A /* Main.storyboard */,
				343F935721E7A6D2001FDF8A /* LaunchScreen.storyboard */,
				34B6F63B21F80CEF0047E9BD /* GoogleService-Info.plist */,
				343F935A21E7A6D2001FDF8A /* Info.plist */,
				343F935521E7A6D2001FDF8A /* Assets.xcassets */,
			);
			path = Kinder;
			sourceTree = "<group>";
		};
		343F936021E7B116001FDF8A /* Views */ = {
			isa = PBXGroup;
			children = (
				343F936521E7B4B5001FDF8A /* TopNavigationStackView.swift */,
				343F936121E7B13C001FDF8A /* HomeBottomControlsStackView.swift */,
				343F936921E7E079001FDF8A /* CardView.swift */,
				34529C3A223017B9008592C8 /* MatchView.swift */,
				34529C3C2230224A008592C8 /* SendMessageButton.swift */,
				34529C3E223025AE008592C8 /* KeepSwipingButton.swift */,
				349F50D821F3CF92000B25D7 /* CustomTextField.swift */,
				34B6F66D220209D90047E9BD /* SettingsCell.swift */,
				34130146220DD7D600CFABC4 /* AgeRangeCell.swift */,
			);
			path = Views;
			sourceTree = "<group>";
		};
		34554D5621EF84D50045442D /* Model */ = {
			isa = PBXGroup;
			children = (
				34554D5421EF84CD0045442D /* User.swift */,
				34EA521021F0C8D2002CADC8 /* Advertiser.swift */,
			);
			path = Model;
			sourceTree = "<group>";
		};
		34554D5721EF8BBB0045442D /* Controllers */ = {
			isa = PBXGroup;
			children = (
				341301652219C8F900CFABC4 /* User Details */,
				341301532215CA0300CFABC4 /* Login */,
				3413016D221DA7B400CFABC4 /* Registration */,
				343F935021E7A6D0001FDF8A /* HomeController.swift */,
				34B6F66B2201F73A0047E9BD /* SettingsController.swift */,
			);
			path = Controllers;
			sourceTree = "<group>";
		};
		34554D5821EF8BCA0045442D /* Extensions */ = {
			isa = PBXGroup;
			children = (
				343F936321E7B408001FDF8A /* Extensions.swift */,
				34130148220DF51E00CFABC4 /* Firebase+Utils.swift */,
			);
			path = Extensions;
			sourceTree = "<group>";
		};
		34554D5921EF8CD50045442D /* ViewModels */ = {
			isa = PBXGroup;
			children = (
				34B6F63D21F8F11A0047E9BD /* Bindable.swift */,
				34554D5A21EF8CE40045442D /* CardViewModel.swift */,
			);
			path = ViewModels;
			sourceTree = "<group>";
		};
		3B25C197B99D75BC13CB1D20 /* Frameworks */ = {
			isa = PBXGroup;
			children = (
				AA23EB1C3E38C2F18E42290D /* Pods_Kinder.framework */,
			);
			name = Frameworks;
			sourceTree = "<group>";
		};
		C6D12F330326104CC34EFF7B /* Pods */ = {
			isa = PBXGroup;
			children = (
				8BF00ACD5024FAA23138953A /* Pods-Kinder.debug.xcconfig */,
				178E1C0CEF63F916A1EF5B36 /* Pods-Kinder.release.xcconfig */,
			);
			name = Pods;
			sourceTree = "<group>";
		};
/* End PBXGroup section */

/* Begin PBXNativeTarget section */
		343F934A21E7A6D0001FDF8A /* Kinder */ = {
			isa = PBXNativeTarget;
			buildConfigurationList = 343F935D21E7A6D2001FDF8A /* Build configuration list for PBXNativeTarget "Kinder" */;
			buildPhases = (
				010F761841806C0113E99378 /* [CP] Check Pods Manifest.lock */,
				343F934721E7A6D0001FDF8A /* Sources */,
				343F934821E7A6D0001FDF8A /* Frameworks */,
				343F934921E7A6D0001FDF8A /* Resources */,
				142C6D1377577319E2B7B8BF /* [CP] Embed Pods Frameworks */,
				C161B34B67D11D9BC612A7F0 /* [CP] Copy Pods Resources */,
			);
			buildRules = (
			);
			dependencies = (
			);
			name = Kinder;
			productName = Kinder;
			productReference = 343F934B21E7A6D0001FDF8A /* Kinder.app */;
			productType = "com.apple.product-type.application";
		};
/* End PBXNativeTarget section */

/* Begin PBXProject section */
		343F934321E7A6D0001FDF8A /* Project object */ = {
			isa = PBXProject;
			attributes = {
				LastSwiftUpdateCheck = 1010;
				LastUpgradeCheck = 1010;
				ORGANIZATIONNAME = "Kenny Ho";
				TargetAttributes = {
					343F934A21E7A6D0001FDF8A = {
						CreatedOnToolsVersion = 10.1;
					};
				};
			};
			buildConfigurationList = 343F934621E7A6D0001FDF8A /* Build configuration list for PBXProject "Kinder" */;
			compatibilityVersion = "Xcode 9.3";
			developmentRegion = en;
			hasScannedForEncodings = 0;
			knownRegions = (
				en,
				Base,
			);
			mainGroup = 343F934221E7A6D0001FDF8A;
			productRefGroup = 343F934C21E7A6D0001FDF8A /* Products */;
			projectDirPath = "";
			projectRoot = "";
			targets = (
				343F934A21E7A6D0001FDF8A /* Kinder */,
			);
		};
/* End PBXProject section */

/* Begin PBXResourcesBuildPhase section */
		343F934921E7A6D0001FDF8A /* Resources */ = {
			isa = PBXResourcesBuildPhase;
			buildActionMask = 2147483647;
			files = (
				34B6F63C21F80CEF0047E9BD /* GoogleService-Info.plist in Resources */,
				343F935921E7A6D2001FDF8A /* LaunchScreen.storyboard in Resources */,
				343F935621E7A6D2001FDF8A /* Assets.xcassets in Resources */,
				343F935421E7A6D0001FDF8A /* Main.storyboard in Resources */,
			);
			runOnlyForDeploymentPostprocessing = 0;
		};
/* End PBXResourcesBuildPhase section */

/* Begin PBXShellScriptBuildPhase section */
		010F761841806C0113E99378 /* [CP] Check Pods Manifest.lock */ = {
			isa = PBXShellScriptBuildPhase;
			buildActionMask = 2147483647;
			files = (
			);
			inputFileListPaths = (
			);
			inputPaths = (
				"${PODS_PODFILE_DIR_PATH}/Podfile.lock",
				"${PODS_ROOT}/Manifest.lock",
			);
			name = "[CP] Check Pods Manifest.lock";
			outputFileListPaths = (
			);
			outputPaths = (
				"$(DERIVED_FILE_DIR)/Pods-Kinder-checkManifestLockResult.txt",
			);
			runOnlyForDeploymentPostprocessing = 0;
			shellPath = /bin/sh;
			shellScript = "diff \"${PODS_PODFILE_DIR_PATH}/Podfile.lock\" \"${PODS_ROOT}/Manifest.lock\" > /dev/null\nif [ $? != 0 ] ; then\n    # print error to STDERR\n    echo \"error: The sandbox is not in sync with the Podfile.lock. Run 'pod install' or update your CocoaPods installation.\" >&2\n    exit 1\nfi\n# This output is used by Xcode 'outputs' to avoid re-running this script phase.\necho \"SUCCESS\" > \"${SCRIPT_OUTPUT_FILE_0}\"\n";
			showEnvVarsInLog = 0;
		};
		142C6D1377577319E2B7B8BF /* [CP] Embed Pods Frameworks */ = {
			isa = PBXShellScriptBuildPhase;
			buildActionMask = 2147483647;
			files = (
			);
			inputFileListPaths = (
			);
			inputPaths = (
				"${SRCROOT}/Pods/Target Support Files/Pods-Kinder/Pods-Kinder-frameworks.sh",
				"${BUILT_PRODUCTS_DIR}/BoringSSL/openssl.framework",
				"${BUILT_PRODUCTS_DIR}/GTMSessionFetcher/GTMSessionFetcher.framework",
				"${BUILT_PRODUCTS_DIR}/GoogleUtilities/GoogleUtilities.framework",
				"${BUILT_PRODUCTS_DIR}/JGProgressHUD/JGProgressHUD.framework",
				"${BUILT_PRODUCTS_DIR}/Protobuf/Protobuf.framework",
				"${BUILT_PRODUCTS_DIR}/SDWebImage/SDWebImage.framework",
				"${BUILT_PRODUCTS_DIR}/gRPC-C++/grpcpp.framework",
				"${BUILT_PRODUCTS_DIR}/gRPC-Core/grpc.framework",
				"${BUILT_PRODUCTS_DIR}/leveldb-library/leveldb.framework",
				"${BUILT_PRODUCTS_DIR}/nanopb/nanopb.framework",
			);
			name = "[CP] Embed Pods Frameworks";
			outputFileListPaths = (
			);
			outputPaths = (
				"${TARGET_BUILD_DIR}/${FRAMEWORKS_FOLDER_PATH}/openssl.framework",
				"${TARGET_BUILD_DIR}/${FRAMEWORKS_FOLDER_PATH}/GTMSessionFetcher.framework",
				"${TARGET_BUILD_DIR}/${FRAMEWORKS_FOLDER_PATH}/GoogleUtilities.framework",
				"${TARGET_BUILD_DIR}/${FRAMEWORKS_FOLDER_PATH}/JGProgressHUD.framework",
				"${TARGET_BUILD_DIR}/${FRAMEWORKS_FOLDER_PATH}/Protobuf.framework",
				"${TARGET_BUILD_DIR}/${FRAMEWORKS_FOLDER_PATH}/SDWebImage.framework",
				"${TARGET_BUILD_DIR}/${FRAMEWORKS_FOLDER_PATH}/grpcpp.framework",
				"${TARGET_BUILD_DIR}/${FRAMEWORKS_FOLDER_PATH}/grpc.framework",
				"${TARGET_BUILD_DIR}/${FRAMEWORKS_FOLDER_PATH}/leveldb.framework",
				"${TARGET_BUILD_DIR}/${FRAMEWORKS_FOLDER_PATH}/nanopb.framework",
			);
			runOnlyForDeploymentPostprocessing = 0;
			shellPath = /bin/sh;
			shellScript = "\"${SRCROOT}/Pods/Target Support Files/Pods-Kinder/Pods-Kinder-frameworks.sh\"\n";
			showEnvVarsInLog = 0;
		};
		C161B34B67D11D9BC612A7F0 /* [CP] Copy Pods Resources */ = {
			isa = PBXShellScriptBuildPhase;
			buildActionMask = 2147483647;
			files = (
			);
			inputFileListPaths = (
			);
			inputPaths = (
				"${SRCROOT}/Pods/Target Support Files/Pods-Kinder/Pods-Kinder-resources.sh",
				"${PODS_CONFIGURATION_BUILD_DIR}/FirebaseFirestore/gRPCCertificates-Firestore.bundle",
			);
			name = "[CP] Copy Pods Resources";
			outputFileListPaths = (
			);
			outputPaths = (
				"${TARGET_BUILD_DIR}/${UNLOCALIZED_RESOURCES_FOLDER_PATH}/gRPCCertificates-Firestore.bundle",
			);
			runOnlyForDeploymentPostprocessing = 0;
			shellPath = /bin/sh;
			shellScript = "\"${SRCROOT}/Pods/Target Support Files/Pods-Kinder/Pods-Kinder-resources.sh\"\n";
			showEnvVarsInLog = 0;
		};
/* End PBXShellScriptBuildPhase section */

/* Begin PBXSourcesBuildPhase section */
		343F934721E7A6D0001FDF8A /* Sources */ = {
			isa = PBXSourcesBuildPhase;
			buildActionMask = 2147483647;
			files = (
				341301552215CA4A00CFABC4 /* LoginViewController.swift in Sources */,
				34B6F63E21F8F11A0047E9BD /* Bindable.swift in Sources */,
				343F935121E7A6D0001FDF8A /* HomeController.swift in Sources */,
				349F50DB21F62AC0000B25D7 /* RegistrationViewModel.swift in Sources */,
				349F50D921F3CF92000B25D7 /* CustomTextField.swift in Sources */,
				343F936221E7B13C001FDF8A /* HomeBottomControlsStackView.swift in Sources */,
				34EA521121F0C8D2002CADC8 /* Advertiser.swift in Sources */,
				341301642219C8F400CFABC4 /* UserDetailsController.swift in Sources */,
				343F934F21E7A6D0001FDF8A /* AppDelegate.swift in Sources */,
				34130147220DD7D600CFABC4 /* AgeRangeCell.swift in Sources */,
				34529C3B223017B9008592C8 /* MatchView.swift in Sources */,
				349F50D721F3C723000B25D7 /* RegistrationViewController.swift in Sources */,
				34130149220DF51E00CFABC4 /* Firebase+Utils.swift in Sources */,
				343F936421E7B408001FDF8A /* Extensions.swift in Sources */,
				34529C3D2230224A008592C8 /* SendMessageButton.swift in Sources */,
				34554D5B21EF8CE40045442D /* CardViewModel.swift in Sources */,
				34B6F66C2201F73A0047E9BD /* SettingsController.swift in Sources */,
				343F936A21E7E079001FDF8A /* CardView.swift in Sources */,
				343F936621E7B4B5001FDF8A /* TopNavigationStackView.swift in Sources */,
				34554D5521EF84CD0045442D /* User.swift in Sources */,
				34529C3F223025AE008592C8 /* KeepSwipingButton.swift in Sources */,
				341301572215CA5500CFABC4 /* LoginViewModel.swift in Sources */,
				34B6F66E220209D90047E9BD /* SettingsCell.swift in Sources */,
				3445A7752223024C00A68DD9 /* SwipingPhotosController.swift in Sources */,
			);
			runOnlyForDeploymentPostprocessing = 0;
		};
/* End PBXSourcesBuildPhase section */

/* Begin PBXVariantGroup section */
		343F935221E7A6D0001FDF8A /* Main.storyboard */ = {
			isa = PBXVariantGroup;
			children = (
				343F935321E7A6D0001FDF8A /* Base */,
			);
			name = Main.storyboard;
			sourceTree = "<group>";
		};
		343F935721E7A6D2001FDF8A /* LaunchScreen.storyboard */ = {
			isa = PBXVariantGroup;
			children = (
				343F935821E7A6D2001FDF8A /* Base */,
			);
			name = LaunchScreen.storyboard;
			sourceTree = "<group>";
		};
/* End PBXVariantGroup section */

/* Begin XCBuildConfiguration section */
		343F935B21E7A6D2001FDF8A /* Debug */ = {
			isa = XCBuildConfiguration;
			buildSettings = {
				ALWAYS_SEARCH_USER_PATHS = NO;
				CLANG_ANALYZER_NONNULL = YES;
				CLANG_ANALYZER_NUMBER_OBJECT_CONVERSION = YES_AGGRESSIVE;
				CLANG_CXX_LANGUAGE_STANDARD = "gnu++14";
				CLANG_CXX_LIBRARY = "libc++";
				CLANG_ENABLE_MODULES = YES;
				CLANG_ENABLE_OBJC_ARC = YES;
				CLANG_ENABLE_OBJC_WEAK = YES;
				CLANG_WARN_BLOCK_CAPTURE_AUTORELEASING = YES;
				CLANG_WARN_BOOL_CONVERSION = YES;
				CLANG_WARN_COMMA = YES;
				CLANG_WARN_CONSTANT_CONVERSION = YES;
				CLANG_WARN_DEPRECATED_OBJC_IMPLEMENTATIONS = YES;
				CLANG_WARN_DIRECT_OBJC_ISA_USAGE = YES_ERROR;
				CLANG_WARN_DOCUMENTATION_COMMENTS = YES;
				CLANG_WARN_EMPTY_BODY = YES;
				CLANG_WARN_ENUM_CONVERSION = YES;
				CLANG_WARN_INFINITE_RECURSION = YES;
				CLANG_WARN_INT_CONVERSION = YES;
				CLANG_WARN_NON_LITERAL_NULL_CONVERSION = YES;
				CLANG_WARN_OBJC_IMPLICIT_RETAIN_SELF = YES;
				CLANG_WARN_OBJC_LITERAL_CONVERSION = YES;
				CLANG_WARN_OBJC_ROOT_CLASS = YES_ERROR;
				CLANG_WARN_RANGE_LOOP_ANALYSIS = YES;
				CLANG_WARN_STRICT_PROTOTYPES = YES;
				CLANG_WARN_SUSPICIOUS_MOVE = YES;
				CLANG_WARN_UNGUARDED_AVAILABILITY = YES_AGGRESSIVE;
				CLANG_WARN_UNREACHABLE_CODE = YES;
				CLANG_WARN__DUPLICATE_METHOD_MATCH = YES;
				CODE_SIGN_IDENTITY = "iPhone Developer";
				COPY_PHASE_STRIP = NO;
				DEBUG_INFORMATION_FORMAT = dwarf;
				ENABLE_STRICT_OBJC_MSGSEND = YES;
				ENABLE_TESTABILITY = YES;
				GCC_C_LANGUAGE_STANDARD = gnu11;
				GCC_DYNAMIC_NO_PIC = NO;
				GCC_NO_COMMON_BLOCKS = YES;
				GCC_OPTIMIZATION_LEVEL = 0;
				GCC_PREPROCESSOR_DEFINITIONS = (
					"DEBUG=1",
					"$(inherited)",
				);
				GCC_WARN_64_TO_32_BIT_CONVERSION = YES;
				GCC_WARN_ABOUT_RETURN_TYPE = YES_ERROR;
				GCC_WARN_UNDECLARED_SELECTOR = YES;
				GCC_WARN_UNINITIALIZED_AUTOS = YES_AGGRESSIVE;
				GCC_WARN_UNUSED_FUNCTION = YES;
				GCC_WARN_UNUSED_VARIABLE = YES;
				IPHONEOS_DEPLOYMENT_TARGET = 12.0;
				MTL_ENABLE_DEBUG_INFO = INCLUDE_SOURCE;
				MTL_FAST_MATH = YES;
				ONLY_ACTIVE_ARCH = YES;
				SDKROOT = iphoneos;
				SWIFT_ACTIVE_COMPILATION_CONDITIONS = DEBUG;
				SWIFT_OPTIMIZATION_LEVEL = "-Onone";
			};
			name = Debug;
		};
		343F935C21E7A6D2001FDF8A /* Release */ = {
			isa = XCBuildConfiguration;
			buildSettings = {
				ALWAYS_SEARCH_USER_PATHS = NO;
				CLANG_ANALYZER_NONNULL = YES;
				CLANG_ANALYZER_NUMBER_OBJECT_CONVERSION = YES_AGGRESSIVE;
				CLANG_CXX_LANGUAGE_STANDARD = "gnu++14";
				CLANG_CXX_LIBRARY = "libc++";
				CLANG_ENABLE_MODULES = YES;
				CLANG_ENABLE_OBJC_ARC = YES;
				CLANG_ENABLE_OBJC_WEAK = YES;
				CLANG_WARN_BLOCK_CAPTURE_AUTORELEASING = YES;
				CLANG_WARN_BOOL_CONVERSION = YES;
				CLANG_WARN_COMMA = YES;
				CLANG_WARN_CONSTANT_CONVERSION = YES;
				CLANG_WARN_DEPRECATED_OBJC_IMPLEMENTATIONS = YES;
				CLANG_WARN_DIRECT_OBJC_ISA_USAGE = YES_ERROR;
				CLANG_WARN_DOCUMENTATION_COMMENTS = YES;
				CLANG_WARN_EMPTY_BODY = YES;
				CLANG_WARN_ENUM_CONVERSION = YES;
				CLANG_WARN_INFINITE_RECURSION = YES;
				CLANG_WARN_INT_CONVERSION = YES;
				CLANG_WARN_NON_LITERAL_NULL_CONVERSION = YES;
				CLANG_WARN_OBJC_IMPLICIT_RETAIN_SELF = YES;
				CLANG_WARN_OBJC_LITERAL_CONVERSION = YES;
				CLANG_WARN_OBJC_ROOT_CLASS = YES_ERROR;
				CLANG_WARN_RANGE_LOOP_ANALYSIS = YES;
				CLANG_WARN_STRICT_PROTOTYPES = YES;
				CLANG_WARN_SUSPICIOUS_MOVE = YES;
				CLANG_WARN_UNGUARDED_AVAILABILITY = YES_AGGRESSIVE;
				CLANG_WARN_UNREACHABLE_CODE = YES;
				CLANG_WARN__DUPLICATE_METHOD_MATCH = YES;
				CODE_SIGN_IDENTITY = "iPhone Developer";
				COPY_PHASE_STRIP = NO;
				DEBUG_INFORMATION_FORMAT = "dwarf-with-dsym";
				ENABLE_NS_ASSERTIONS = NO;
				ENABLE_STRICT_OBJC_MSGSEND = YES;
				GCC_C_LANGUAGE_STANDARD = gnu11;
				GCC_NO_COMMON_BLOCKS = YES;
				GCC_WARN_64_TO_32_BIT_CONVERSION = YES;
				GCC_WARN_ABOUT_RETURN_TYPE = YES_ERROR;
				GCC_WARN_UNDECLARED_SELECTOR = YES;
				GCC_WARN_UNINITIALIZED_AUTOS = YES_AGGRESSIVE;
				GCC_WARN_UNUSED_FUNCTION = YES;
				GCC_WARN_UNUSED_VARIABLE = YES;
				IPHONEOS_DEPLOYMENT_TARGET = 12.0;
				MTL_ENABLE_DEBUG_INFO = NO;
				MTL_FAST_MATH = YES;
				SDKROOT = iphoneos;
				SWIFT_COMPILATION_MODE = wholemodule;
				SWIFT_OPTIMIZATION_LEVEL = "-O";
				VALIDATE_PRODUCT = YES;
			};
			name = Release;
		};
		343F935E21E7A6D2001FDF8A /* Debug */ = {
			isa = XCBuildConfiguration;
			baseConfigurationReference = 8BF00ACD5024FAA23138953A /* Pods-Kinder.debug.xcconfig */;
			buildSettings = {
				ASSETCATALOG_COMPILER_APPICON_NAME = AppIcon;
				CODE_SIGN_STYLE = Automatic;
				DEVELOPMENT_TEAM = ZV6EBYUAX8;
				INFOPLIST_FILE = Kinder/Info.plist;
				LD_RUNPATH_SEARCH_PATHS = (
					"$(inherited)",
					"@executable_path/Frameworks",
				);
				PRODUCT_BUNDLE_IDENTIFIER = KNG.Kinder;
				PRODUCT_NAME = "$(TARGET_NAME)";
				SWIFT_VERSION = 4.2;
				TARGETED_DEVICE_FAMILY = "1,2";
			};
			name = Debug;
		};
		343F935F21E7A6D2001FDF8A /* Release */ = {
			isa = XCBuildConfiguration;
			baseConfigurationReference = 178E1C0CEF63F916A1EF5B36 /* Pods-Kinder.release.xcconfig */;
			buildSettings = {
				ASSETCATALOG_COMPILER_APPICON_NAME = AppIcon;
				CODE_SIGN_STYLE = Automatic;
				DEVELOPMENT_TEAM = ZV6EBYUAX8;
				INFOPLIST_FILE = Kinder/Info.plist;
				LD_RUNPATH_SEARCH_PATHS = (
					"$(inherited)",
					"@executable_path/Frameworks",
				);
				PRODUCT_BUNDLE_IDENTIFIER = KNG.Kinder;
				PRODUCT_NAME = "$(TARGET_NAME)";
				SWIFT_VERSION = 4.2;
				TARGETED_DEVICE_FAMILY = "1,2";
			};
			name = Release;
		};
/* End XCBuildConfiguration section */

/* Begin XCConfigurationList section */
		343F934621E7A6D0001FDF8A /* Build configuration list for PBXProject "Kinder" */ = {
			isa = XCConfigurationList;
			buildConfigurations = (
				343F935B21E7A6D2001FDF8A /* Debug */,
				343F935C21E7A6D2001FDF8A /* Release */,
			);
			defaultConfigurationIsVisible = 0;
			defaultConfigurationName = Release;
		};
		343F935D21E7A6D2001FDF8A /* Build configuration list for PBXNativeTarget "Kinder" */ = {
			isa = XCConfigurationList;
			buildConfigurations = (
				343F935E21E7A6D2001FDF8A /* Debug */,
				343F935F21E7A6D2001FDF8A /* Release */,
			);
			defaultConfigurationIsVisible = 0;
			defaultConfigurationName = Release;
		};
/* End XCConfigurationList section */
	};
	rootObject = 343F934321E7A6D0001FDF8A /* Project object */;
}
